// !$*UTF8*$!
{
	archiveVersion = 1;
	classes = {
	};
	objectVersion = 46;
	objects = {

/* Begin PBXBuildFile section */
		02BF09D88C9D00FAD9F037425EBA77E4 /* NSString+KBExtension.h in Headers */ = {isa = PBXBuildFile; fileRef = F4F519B97D348D54E4B35A67471FD0C5 /* NSString+KBExtension.h */; settings = {ATTRIBUTES = (Public, ); }; };
		0A026ADA3F183854BE81CEE4CF05CFD9 /* NSArray+KBExtension.h in Headers */ = {isa = PBXBuildFile; fileRef = 3878EAA927D1A7B04281F85191CAB2C6 /* NSArray+KBExtension.h */; settings = {ATTRIBUTES = (Public, ); }; };
		11A810DDCA101AA1BDA8D0288E454256 /* Pods-LWKBExtensions_Tests-umbrella.h in Headers */ = {isa = PBXBuildFile; fileRef = 5DB183646EE28E658FA82ED947329A32 /* Pods-LWKBExtensions_Tests-umbrella.h */; settings = {ATTRIBUTES = (Public, ); }; };
		5F5D5635E59F133FF18AE70383CF06BC /* LWKBExtensions-dummy.m in Sources */ = {isa = PBXBuildFile; fileRef = 6F15D413A5F1910A9628D15838567446 /* LWKBExtensions-dummy.m */; };
		8CAF9633833D55FDEBE4C7FB85650632 /* NSString+KBExtension.m in Sources */ = {isa = PBXBuildFile; fileRef = EA8247C68BFC77AE411762050251C614 /* NSString+KBExtension.m */; };
		9FB574C9760CCC9C464BA10CD1583A74 /* UIImage+KBExtenstion.m in Sources */ = {isa = PBXBuildFile; fileRef = 6F2EDC6DA11401880F03D1E57161F1F8 /* UIImage+KBExtenstion.m */; };
		A0AA450387CBBD63FE23075BA5EB5996 /* UIImage+KBExtenstion.h in Headers */ = {isa = PBXBuildFile; fileRef = 350CB5C2E4168A5E33A018C57D1FE92F /* UIImage+KBExtenstion.h */; settings = {ATTRIBUTES = (Public, ); }; };
		A315910D8E3A646DD9C1859B66FE82ED /* UIImageView+Extension.h in Headers */ = {isa = PBXBuildFile; fileRef = 7792CE02E70C0FA94F1EA061F8088210 /* UIImageView+Extension.h */; settings = {ATTRIBUTES = (Public, ); }; };
		A6C1022CD378EAAED2F63A8D4D95E2F0 /* NSArray+KBExtension.m in Sources */ = {isa = PBXBuildFile; fileRef = 2675E81F3EB1DBE0315945F7937D4439 /* NSArray+KBExtension.m */; };
		B292089695BADA40CBC655B9CD12A5BC /* LWKBExtensions-umbrella.h in Headers */ = {isa = PBXBuildFile; fileRef = E6EBDF78D77918F4DC61B6EE70E84747 /* LWKBExtensions-umbrella.h */; settings = {ATTRIBUTES = (Public, ); }; };
		BBF0CAF6A842BFC8DDAB85A0C53A6224 /* Pods-LWKBExtensions_Tests-dummy.m in Sources */ = {isa = PBXBuildFile; fileRef = 338B7675103B80D4752311C398727864 /* Pods-LWKBExtensions_Tests-dummy.m */; };
		C661B980D68FBF7537F4D1C3D1966CFA /* Foundation.framework in Frameworks */ = {isa = PBXBuildFile; fileRef = 3212113385A8FBBDB272BD23C409FF61 /* Foundation.framework */; };
		CA884E564B83E55C8759336BA109780D /* Foundation.framework in Frameworks */ = {isa = PBXBuildFile; fileRef = 3212113385A8FBBDB272BD23C409FF61 /* Foundation.framework */; };
		CC46DDA419BB25B4DDF4C36460FAB14E /* UIImageView+Extension.m in Sources */ = {isa = PBXBuildFile; fileRef = 037B6B7515209E436B2FD6977E31DC15 /* UIImageView+Extension.m */; };
		E52D54004369144D1ACB5D5D7191C2DB /* Pods-LWKBExtensions_Example-umbrella.h in Headers */ = {isa = PBXBuildFile; fileRef = 007CF1300ACDEA98BA1D402F1A4E3FDF /* Pods-LWKBExtensions_Example-umbrella.h */; settings = {ATTRIBUTES = (Public, ); }; };
		F94A89893B7655347FA3D616E9C68B93 /* Pods-LWKBExtensions_Example-dummy.m in Sources */ = {isa = PBXBuildFile; fileRef = 61D197E5A22AC9677B34C71C6D5532B7 /* Pods-LWKBExtensions_Example-dummy.m */; };
		FB990B53406F2A75BD94004009CE3FEB /* Foundation.framework in Frameworks */ = {isa = PBXBuildFile; fileRef = 3212113385A8FBBDB272BD23C409FF61 /* Foundation.framework */; };
/* End PBXBuildFile section */

/* Begin PBXContainerItemProxy section */
		BA6097C26D5F1089BAAEC50461D1D7D3 /* PBXContainerItemProxy */ = {
			isa = PBXContainerItemProxy;
			containerPortal = BFDFE7DC352907FC980B868725387E98 /* Project object */;
			proxyType = 1;
			remoteGlobalIDString = 6DD0FE14A91EB72F9583C5159DDB116B;
			remoteInfo = "Pods-LWKBExtensions_Example";
		};
		EDB3F3651B3A12F8DD392C0BBD1CA356 /* PBXContainerItemProxy */ = {
			isa = PBXContainerItemProxy;
			containerPortal = BFDFE7DC352907FC980B868725387E98 /* Project object */;
			proxyType = 1;
			remoteGlobalIDString = A101E609ACA75494484877E471D967F5;
			remoteInfo = LWKBExtensions;
		};
/* End PBXContainerItemProxy section */

/* Begin PBXFileReference section */
		0054DF6606C092C1FD32BC7F8CBEC7B4 /* LWKBExtensions-prefix.pch */ = {isa = PBXFileReference; includeInIndex = 1; lastKnownFileType = sourcecode.c.h; path = "LWKBExtensions-prefix.pch"; sourceTree = "<group>"; };
		007CF1300ACDEA98BA1D402F1A4E3FDF /* Pods-LWKBExtensions_Example-umbrella.h */ = {isa = PBXFileReference; includeInIndex = 1; lastKnownFileType = sourcecode.c.h; path = "Pods-LWKBExtensions_Example-umbrella.h"; sourceTree = "<group>"; };
		0120AE21373CF1B79728D7E5039BECC3 /* Pods_LWKBExtensions_Example.framework */ = {isa = PBXFileReference; explicitFileType = wrapper.framework; includeInIndex = 0; name = Pods_LWKBExtensions_Example.framework; path = "Pods-LWKBExtensions_Example.framework"; sourceTree = BUILT_PRODUCTS_DIR; };
		037B6B7515209E436B2FD6977E31DC15 /* UIImageView+Extension.m */ = {isa = PBXFileReference; includeInIndex = 1; lastKnownFileType = sourcecode.c.objc; name = "UIImageView+Extension.m"; path = "LWKBExtensions/Classes/UIImageView+Extension.m"; sourceTree = "<group>"; };
		09A48F3C920DB89F881251239E030F10 /* Pods-LWKBExtensions_Example-Info.plist */ = {isa = PBXFileReference; includeInIndex = 1; lastKnownFileType = text.plist.xml; path = "Pods-LWKBExtensions_Example-Info.plist"; sourceTree = "<group>"; };
		0D1F531D55348849ACC9F509767DFC5B /* LWKBExtensions-Info.plist */ = {isa = PBXFileReference; includeInIndex = 1; lastKnownFileType = text.plist.xml; path = "LWKBExtensions-Info.plist"; sourceTree = "<group>"; };
		2675E81F3EB1DBE0315945F7937D4439 /* NSArray+KBExtension.m */ = {isa = PBXFileReference; includeInIndex = 1; lastKnownFileType = sourcecode.c.objc; name = "NSArray+KBExtension.m"; path = "LWKBExtensions/Classes/NSArray+KBExtension.m"; sourceTree = "<group>"; };
		28560802E3D4BBF0554E6DF07061C267 /* Pods-LWKBExtensions_Tests-acknowledgements.markdown */ = {isa = PBXFileReference; includeInIndex = 1; lastKnownFileType = text; path = "Pods-LWKBExtensions_Tests-acknowledgements.markdown"; sourceTree = "<group>"; };
		2A65819C2D9EEF0DE64D266BA4D9380F /* Pods-LWKBExtensions_Example-frameworks.sh */ = {isa = PBXFileReference; includeInIndex = 1; lastKnownFileType = text.script.sh; path = "Pods-LWKBExtensions_Example-frameworks.sh"; sourceTree = "<group>"; };
		3212113385A8FBBDB272BD23C409FF61 /* Foundation.framework */ = {isa = PBXFileReference; lastKnownFileType = wrapper.framework; name = Foundation.framework; path = Platforms/iPhoneOS.platform/Developer/SDKs/iPhoneOS12.2.sdk/System/Library/Frameworks/Foundation.framework; sourceTree = DEVELOPER_DIR; };
		338B7675103B80D4752311C398727864 /* Pods-LWKBExtensions_Tests-dummy.m */ = {isa = PBXFileReference; includeInIndex = 1; lastKnownFileType = sourcecode.c.objc; path = "Pods-LWKBExtensions_Tests-dummy.m"; sourceTree = "<group>"; };
		350CB5C2E4168A5E33A018C57D1FE92F /* UIImage+KBExtenstion.h */ = {isa = PBXFileReference; includeInIndex = 1; lastKnownFileType = sourcecode.c.h; name = "UIImage+KBExtenstion.h"; path = "LWKBExtensions/Classes/UIImage+KBExtenstion.h"; sourceTree = "<group>"; };
		36EF476252AD5BFF1E6794E7DEF26D6E /* Pods-LWKBExtensions_Example-acknowledgements.plist */ = {isa = PBXFileReference; includeInIndex = 1; lastKnownFileType = text.plist.xml; path = "Pods-LWKBExtensions_Example-acknowledgements.plist"; sourceTree = "<group>"; };
		3878EAA927D1A7B04281F85191CAB2C6 /* NSArray+KBExtension.h */ = {isa = PBXFileReference; includeInIndex = 1; lastKnownFileType = sourcecode.c.h; name = "NSArray+KBExtension.h"; path = "LWKBExtensions/Classes/NSArray+KBExtension.h"; sourceTree = "<group>"; };
		41A160190A2955B83F02534B81C6612D /* LWKBExtensions.modulemap */ = {isa = PBXFileReference; includeInIndex = 1; lastKnownFileType = sourcecode.module; path = LWKBExtensions.modulemap; sourceTree = "<group>"; };
		48AD683B1CD1895489F82372130F6E7D /* Pods-LWKBExtensions_Tests-Info.plist */ = {isa = PBXFileReference; includeInIndex = 1; lastKnownFileType = text.plist.xml; path = "Pods-LWKBExtensions_Tests-Info.plist"; sourceTree = "<group>"; };
		527F19FFA343EFF06D3F16BBA2053317 /* Pods-LWKBExtensions_Example.debug.xcconfig */ = {isa = PBXFileReference; includeInIndex = 1; lastKnownFileType = text.xcconfig; path = "Pods-LWKBExtensions_Example.debug.xcconfig"; sourceTree = "<group>"; };
		5DB183646EE28E658FA82ED947329A32 /* Pods-LWKBExtensions_Tests-umbrella.h */ = {isa = PBXFileReference; includeInIndex = 1; lastKnownFileType = sourcecode.c.h; path = "Pods-LWKBExtensions_Tests-umbrella.h"; sourceTree = "<group>"; };
		61D197E5A22AC9677B34C71C6D5532B7 /* Pods-LWKBExtensions_Example-dummy.m */ = {isa = PBXFileReference; includeInIndex = 1; lastKnownFileType = sourcecode.c.objc; path = "Pods-LWKBExtensions_Example-dummy.m"; sourceTree = "<group>"; };
		67D1356DF43C6F4EFD358ED8BE4BFAFC /* Pods-LWKBExtensions_Example.release.xcconfig */ = {isa = PBXFileReference; includeInIndex = 1; lastKnownFileType = text.xcconfig; path = "Pods-LWKBExtensions_Example.release.xcconfig"; sourceTree = "<group>"; };
		6868D1F435C958440E4CAA0206A2ADF4 /* LWKBExtensions.podspec */ = {isa = PBXFileReference; explicitFileType = text.script.ruby; includeInIndex = 1; indentWidth = 2; lastKnownFileType = text; path = LWKBExtensions.podspec; sourceTree = "<group>"; tabWidth = 2; xcLanguageSpecificationIdentifier = xcode.lang.ruby; };
		6F15D413A5F1910A9628D15838567446 /* LWKBExtensions-dummy.m */ = {isa = PBXFileReference; includeInIndex = 1; lastKnownFileType = sourcecode.c.objc; path = "LWKBExtensions-dummy.m"; sourceTree = "<group>"; };
		6F2EDC6DA11401880F03D1E57161F1F8 /* UIImage+KBExtenstion.m */ = {isa = PBXFileReference; includeInIndex = 1; lastKnownFileType = sourcecode.c.objc; name = "UIImage+KBExtenstion.m"; path = "LWKBExtensions/Classes/UIImage+KBExtenstion.m"; sourceTree = "<group>"; };
		7792CE02E70C0FA94F1EA061F8088210 /* UIImageView+Extension.h */ = {isa = PBXFileReference; includeInIndex = 1; lastKnownFileType = sourcecode.c.h; name = "UIImageView+Extension.h"; path = "LWKBExtensions/Classes/UIImageView+Extension.h"; sourceTree = "<group>"; };
		8010D853B508088CBBEE05B5F43B5051 /* LWKBExtensions.framework */ = {isa = PBXFileReference; explicitFileType = wrapper.framework; includeInIndex = 0; name = LWKBExtensions.framework; path = LWKBExtensions.framework; sourceTree = BUILT_PRODUCTS_DIR; };
		86A6CAC383134AE34C8D42FDF7EB1ADC /* README.md */ = {isa = PBXFileReference; includeInIndex = 1; path = README.md; sourceTree = "<group>"; };
		8952D4F3BA234E4AC5A6A4667950D20F /* Pods_LWKBExtensions_Tests.framework */ = {isa = PBXFileReference; explicitFileType = wrapper.framework; includeInIndex = 0; name = Pods_LWKBExtensions_Tests.framework; path = "Pods-LWKBExtensions_Tests.framework"; sourceTree = BUILT_PRODUCTS_DIR; };
		92CA76AD0D3573815FC91DCD2D0CA934 /* Pods-LWKBExtensions_Example.modulemap */ = {isa = PBXFileReference; includeInIndex = 1; lastKnownFileType = sourcecode.module; path = "Pods-LWKBExtensions_Example.modulemap"; sourceTree = "<group>"; };
		9D940727FF8FB9C785EB98E56350EF41 /* Podfile */ = {isa = PBXFileReference; explicitFileType = text.script.ruby; includeInIndex = 1; indentWidth = 2; lastKnownFileType = text; name = Podfile; path = ../Podfile; sourceTree = SOURCE_ROOT; tabWidth = 2; xcLanguageSpecificationIdentifier = xcode.lang.ruby; };
		A1DA94EB007ECDF9BC5662FBF7371915 /* Pods-LWKBExtensions_Tests-acknowledgements.plist */ = {isa = PBXFileReference; includeInIndex = 1; lastKnownFileType = text.plist.xml; path = "Pods-LWKBExtensions_Tests-acknowledgements.plist"; sourceTree = "<group>"; };
		A97AABB22F14A2D0EE5099CB778B9F32 /* Pods-LWKBExtensions_Tests.modulemap */ = {isa = PBXFileReference; includeInIndex = 1; lastKnownFileType = sourcecode.module; path = "Pods-LWKBExtensions_Tests.modulemap"; sourceTree = "<group>"; };
		AFEC34E469ABE2B20DE28384F97AE738 /* LICENSE */ = {isa = PBXFileReference; includeInIndex = 1; path = LICENSE; sourceTree = "<group>"; };
		B7586176334267EB222B15A078AC5A6B /* Pods-LWKBExtensions_Tests.debug.xcconfig */ = {isa = PBXFileReference; includeInIndex = 1; lastKnownFileType = text.xcconfig; path = "Pods-LWKBExtensions_Tests.debug.xcconfig"; sourceTree = "<group>"; };
		BBAFE98CB1398D7C5B535ED70CA91399 /* Pods-LWKBExtensions_Example-acknowledgements.markdown */ = {isa = PBXFileReference; includeInIndex = 1; lastKnownFileType = text; path = "Pods-LWKBExtensions_Example-acknowledgements.markdown"; sourceTree = "<group>"; };
		C090667E44FD21A05FF711315D98C571 /* LWKBExtensions.xcconfig */ = {isa = PBXFileReference; includeInIndex = 1; lastKnownFileType = text.xcconfig; path = LWKBExtensions.xcconfig; sourceTree = "<group>"; };
		DAA172EA747FD95EF895897AF87DB559 /* Pods-LWKBExtensions_Tests.release.xcconfig */ = {isa = PBXFileReference; includeInIndex = 1; lastKnownFileType = text.xcconfig; path = "Pods-LWKBExtensions_Tests.release.xcconfig"; sourceTree = "<group>"; };
		E6EBDF78D77918F4DC61B6EE70E84747 /* LWKBExtensions-umbrella.h */ = {isa = PBXFileReference; includeInIndex = 1; lastKnownFileType = sourcecode.c.h; path = "LWKBExtensions-umbrella.h"; sourceTree = "<group>"; };
		EA8247C68BFC77AE411762050251C614 /* NSString+KBExtension.m */ = {isa = PBXFileReference; includeInIndex = 1; lastKnownFileType = sourcecode.c.objc; name = "NSString+KBExtension.m"; path = "LWKBExtensions/Classes/NSString+KBExtension.m"; sourceTree = "<group>"; };
		F4F519B97D348D54E4B35A67471FD0C5 /* NSString+KBExtension.h */ = {isa = PBXFileReference; includeInIndex = 1; lastKnownFileType = sourcecode.c.h; name = "NSString+KBExtension.h"; path = "LWKBExtensions/Classes/NSString+KBExtension.h"; sourceTree = "<group>"; };
/* End PBXFileReference section */

/* Begin PBXFrameworksBuildPhase section */
		17EECEAB5A51869D017A4C313C62CD49 /* Frameworks */ = {
			isa = PBXFrameworksBuildPhase;
			buildActionMask = 2147483647;
			files = (
				CA884E564B83E55C8759336BA109780D /* Foundation.framework in Frameworks */,
			);
			runOnlyForDeploymentPostprocessing = 0;
		};
		B81E6DF9B2C634717B747EE4DA5A046D /* Frameworks */ = {
			isa = PBXFrameworksBuildPhase;
			buildActionMask = 2147483647;
			files = (
				C661B980D68FBF7537F4D1C3D1966CFA /* Foundation.framework in Frameworks */,
			);
			runOnlyForDeploymentPostprocessing = 0;
		};
		EB7F229164649D18A4909A22B51EB2B1 /* Frameworks */ = {
			isa = PBXFrameworksBuildPhase;
			buildActionMask = 2147483647;
			files = (
				FB990B53406F2A75BD94004009CE3FEB /* Foundation.framework in Frameworks */,
			);
			runOnlyForDeploymentPostprocessing = 0;
		};
/* End PBXFrameworksBuildPhase section */

/* Begin PBXGroup section */
		2EC8CF0748D9EA39C5FF2F0E1686C799 /* Targets Support Files */ = {
			isa = PBXGroup;
			children = (
				D36C935E8529E99AD68B30AA2F4661FC /* Pods-LWKBExtensions_Example */,
				8A4833F21ABB4913DB968E4BB05ECF62 /* Pods-LWKBExtensions_Tests */,
			);
			name = "Targets Support Files";
			sourceTree = "<group>";
		};
		420D7717027E646E3B6E6B47BF8E34CA /* Pod */ = {
			isa = PBXGroup;
			children = (
				AFEC34E469ABE2B20DE28384F97AE738 /* LICENSE */,
				6868D1F435C958440E4CAA0206A2ADF4 /* LWKBExtensions.podspec */,
				86A6CAC383134AE34C8D42FDF7EB1ADC /* README.md */,
			);
			name = Pod;
			sourceTree = "<group>";
		};
		51FB486B8F1C3ABDEA5629E1E189A434 /* Products */ = {
			isa = PBXGroup;
			children = (
				8010D853B508088CBBEE05B5F43B5051 /* LWKBExtensions.framework */,
				0120AE21373CF1B79728D7E5039BECC3 /* Pods_LWKBExtensions_Example.framework */,
				8952D4F3BA234E4AC5A6A4667950D20F /* Pods_LWKBExtensions_Tests.framework */,
			);
			name = Products;
			sourceTree = "<group>";
		};
		881E6D10B0DE6BD9BB830575C4D7FB66 /* Support Files */ = {
			isa = PBXGroup;
			children = (
				41A160190A2955B83F02534B81C6612D /* LWKBExtensions.modulemap */,
				C090667E44FD21A05FF711315D98C571 /* LWKBExtensions.xcconfig */,
				6F15D413A5F1910A9628D15838567446 /* LWKBExtensions-dummy.m */,
				0D1F531D55348849ACC9F509767DFC5B /* LWKBExtensions-Info.plist */,
				0054DF6606C092C1FD32BC7F8CBEC7B4 /* LWKBExtensions-prefix.pch */,
				E6EBDF78D77918F4DC61B6EE70E84747 /* LWKBExtensions-umbrella.h */,
			);
			name = "Support Files";
			path = "Example/Pods/Target Support Files/LWKBExtensions";
			sourceTree = "<group>";
		};
		8A4833F21ABB4913DB968E4BB05ECF62 /* Pods-LWKBExtensions_Tests */ = {
			isa = PBXGroup;
			children = (
				A97AABB22F14A2D0EE5099CB778B9F32 /* Pods-LWKBExtensions_Tests.modulemap */,
				28560802E3D4BBF0554E6DF07061C267 /* Pods-LWKBExtensions_Tests-acknowledgements.markdown */,
				A1DA94EB007ECDF9BC5662FBF7371915 /* Pods-LWKBExtensions_Tests-acknowledgements.plist */,
				338B7675103B80D4752311C398727864 /* Pods-LWKBExtensions_Tests-dummy.m */,
				48AD683B1CD1895489F82372130F6E7D /* Pods-LWKBExtensions_Tests-Info.plist */,
				5DB183646EE28E658FA82ED947329A32 /* Pods-LWKBExtensions_Tests-umbrella.h */,
				B7586176334267EB222B15A078AC5A6B /* Pods-LWKBExtensions_Tests.debug.xcconfig */,
				DAA172EA747FD95EF895897AF87DB559 /* Pods-LWKBExtensions_Tests.release.xcconfig */,
			);
			name = "Pods-LWKBExtensions_Tests";
			path = "Target Support Files/Pods-LWKBExtensions_Tests";
			sourceTree = "<group>";
		};
		B5AFDBF14D886DB109CCB3CD9CE28F1D /* Development Pods */ = {
			isa = PBXGroup;
			children = (
				D8AC469E94D4C18C55A61A8954555CEF /* LWKBExtensions */,
			);
			name = "Development Pods";
			sourceTree = "<group>";
		};
		C0834CEBB1379A84116EF29F93051C60 /* iOS */ = {
			isa = PBXGroup;
			children = (
				3212113385A8FBBDB272BD23C409FF61 /* Foundation.framework */,
			);
			name = iOS;
			sourceTree = "<group>";
		};
		CF1408CF629C7361332E53B88F7BD30C = {
			isa = PBXGroup;
			children = (
				9D940727FF8FB9C785EB98E56350EF41 /* Podfile */,
				B5AFDBF14D886DB109CCB3CD9CE28F1D /* Development Pods */,
				D210D550F4EA176C3123ED886F8F87F5 /* Frameworks */,
				51FB486B8F1C3ABDEA5629E1E189A434 /* Products */,
				2EC8CF0748D9EA39C5FF2F0E1686C799 /* Targets Support Files */,
			);
			sourceTree = "<group>";
		};
		D210D550F4EA176C3123ED886F8F87F5 /* Frameworks */ = {
			isa = PBXGroup;
			children = (
				C0834CEBB1379A84116EF29F93051C60 /* iOS */,
			);
			name = Frameworks;
			sourceTree = "<group>";
		};
		D36C935E8529E99AD68B30AA2F4661FC /* Pods-LWKBExtensions_Example */ = {
			isa = PBXGroup;
			children = (
				92CA76AD0D3573815FC91DCD2D0CA934 /* Pods-LWKBExtensions_Example.modulemap */,
				BBAFE98CB1398D7C5B535ED70CA91399 /* Pods-LWKBExtensions_Example-acknowledgements.markdown */,
				36EF476252AD5BFF1E6794E7DEF26D6E /* Pods-LWKBExtensions_Example-acknowledgements.plist */,
				61D197E5A22AC9677B34C71C6D5532B7 /* Pods-LWKBExtensions_Example-dummy.m */,
				2A65819C2D9EEF0DE64D266BA4D9380F /* Pods-LWKBExtensions_Example-frameworks.sh */,
				09A48F3C920DB89F881251239E030F10 /* Pods-LWKBExtensions_Example-Info.plist */,
				007CF1300ACDEA98BA1D402F1A4E3FDF /* Pods-LWKBExtensions_Example-umbrella.h */,
				527F19FFA343EFF06D3F16BBA2053317 /* Pods-LWKBExtensions_Example.debug.xcconfig */,
				67D1356DF43C6F4EFD358ED8BE4BFAFC /* Pods-LWKBExtensions_Example.release.xcconfig */,
			);
			name = "Pods-LWKBExtensions_Example";
			path = "Target Support Files/Pods-LWKBExtensions_Example";
			sourceTree = "<group>";
		};
		D8AC469E94D4C18C55A61A8954555CEF /* LWKBExtensions */ = {
			isa = PBXGroup;
			children = (
				3878EAA927D1A7B04281F85191CAB2C6 /* NSArray+KBExtension.h */,
				2675E81F3EB1DBE0315945F7937D4439 /* NSArray+KBExtension.m */,
				F4F519B97D348D54E4B35A67471FD0C5 /* NSString+KBExtension.h */,
				EA8247C68BFC77AE411762050251C614 /* NSString+KBExtension.m */,
				350CB5C2E4168A5E33A018C57D1FE92F /* UIImage+KBExtenstion.h */,
				6F2EDC6DA11401880F03D1E57161F1F8 /* UIImage+KBExtenstion.m */,
				7792CE02E70C0FA94F1EA061F8088210 /* UIImageView+Extension.h */,
				037B6B7515209E436B2FD6977E31DC15 /* UIImageView+Extension.m */,
				420D7717027E646E3B6E6B47BF8E34CA /* Pod */,
				881E6D10B0DE6BD9BB830575C4D7FB66 /* Support Files */,
			);
			name = LWKBExtensions;
			path = ../..;
			sourceTree = "<group>";
		};
/* End PBXGroup section */

/* Begin PBXHeadersBuildPhase section */
		1B548FAE4E20E1592639EF9BF6CF4F64 /* Headers */ = {
			isa = PBXHeadersBuildPhase;
			buildActionMask = 2147483647;
			files = (
				11A810DDCA101AA1BDA8D0288E454256 /* Pods-LWKBExtensions_Tests-umbrella.h in Headers */,
			);
			runOnlyForDeploymentPostprocessing = 0;
		};
		F501FC724E5C2C843A1ECAD97DC125A5 /* Headers */ = {
			isa = PBXHeadersBuildPhase;
			buildActionMask = 2147483647;
			files = (
				B292089695BADA40CBC655B9CD12A5BC /* LWKBExtensions-umbrella.h in Headers */,
				0A026ADA3F183854BE81CEE4CF05CFD9 /* NSArray+KBExtension.h in Headers */,
				02BF09D88C9D00FAD9F037425EBA77E4 /* NSString+KBExtension.h in Headers */,
				A0AA450387CBBD63FE23075BA5EB5996 /* UIImage+KBExtenstion.h in Headers */,
				A315910D8E3A646DD9C1859B66FE82ED /* UIImageView+Extension.h in Headers */,
			);
			runOnlyForDeploymentPostprocessing = 0;
		};
		F7BFE3A9D11B5C252981CC70A6DE108B /* Headers */ = {
			isa = PBXHeadersBuildPhase;
			buildActionMask = 2147483647;
			files = (
				E52D54004369144D1ACB5D5D7191C2DB /* Pods-LWKBExtensions_Example-umbrella.h in Headers */,
			);
			runOnlyForDeploymentPostprocessing = 0;
		};
/* End PBXHeadersBuildPhase section */

/* Begin PBXNativeTarget section */
		0C3F10C9377666547C125ECAAB0CCAE9 /* Pods-LWKBExtensions_Tests */ = {
			isa = PBXNativeTarget;
			buildConfigurationList = 77874ED4C84A9A5F4C7383AABE4ED2D1 /* Build configuration list for PBXNativeTarget "Pods-LWKBExtensions_Tests" */;
			buildPhases = (
				1B548FAE4E20E1592639EF9BF6CF4F64 /* Headers */,
				E2B27106C4AED91AFAE14EEBB7DC0CF2 /* Sources */,
				B81E6DF9B2C634717B747EE4DA5A046D /* Frameworks */,
				37F3D7DE429158BE5EDAEBFA9356BBB6 /* Resources */,
			);
			buildRules = (
			);
			dependencies = (
				EA026101429AFD2B05B2A67A4BE77F9A /* PBXTargetDependency */,
			);
			name = "Pods-LWKBExtensions_Tests";
			productName = "Pods-LWKBExtensions_Tests";
			productReference = 8952D4F3BA234E4AC5A6A4667950D20F /* Pods_LWKBExtensions_Tests.framework */;
			productType = "com.apple.product-type.framework";
		};
		6DD0FE14A91EB72F9583C5159DDB116B /* Pods-LWKBExtensions_Example */ = {
			isa = PBXNativeTarget;
			buildConfigurationList = 6927E4350933D38D714AF34840E082B9 /* Build configuration list for PBXNativeTarget "Pods-LWKBExtensions_Example" */;
			buildPhases = (
				F7BFE3A9D11B5C252981CC70A6DE108B /* Headers */,
				4B1D8B56A9A43E2997FC2281A248E8D2 /* Sources */,
				EB7F229164649D18A4909A22B51EB2B1 /* Frameworks */,
				702BD2AD3F8734C47F95794FE3696C7D /* Resources */,
			);
			buildRules = (
			);
			dependencies = (
				7F18454220AE22C33542D7AFE4870573 /* PBXTargetDependency */,
			);
			name = "Pods-LWKBExtensions_Example";
			productName = "Pods-LWKBExtensions_Example";
			productReference = 0120AE21373CF1B79728D7E5039BECC3 /* Pods_LWKBExtensions_Example.framework */;
			productType = "com.apple.product-type.framework";
		};
		A101E609ACA75494484877E471D967F5 /* LWKBExtensions */ = {
			isa = PBXNativeTarget;
			buildConfigurationList = D0BAE4437F079E25C60D526665D5E627 /* Build configuration list for PBXNativeTarget "LWKBExtensions" */;
			buildPhases = (
				F501FC724E5C2C843A1ECAD97DC125A5 /* Headers */,
				BBD113A171C031803DB12460683F8F52 /* Sources */,
				17EECEAB5A51869D017A4C313C62CD49 /* Frameworks */,
				A6EC387D883DC49FF12478A431C9D990 /* Resources */,
			);
			buildRules = (
			);
			dependencies = (
			);
			name = LWKBExtensions;
			productName = LWKBExtensions;
			productReference = 8010D853B508088CBBEE05B5F43B5051 /* LWKBExtensions.framework */;
			productType = "com.apple.product-type.framework";
		};
/* End PBXNativeTarget section */

/* Begin PBXProject section */
		BFDFE7DC352907FC980B868725387E98 /* Project object */ = {
			isa = PBXProject;
			attributes = {
				LastSwiftUpdateCheck = 1100;
				LastUpgradeCheck = 1100;
			};
			buildConfigurationList = 4821239608C13582E20E6DA73FD5F1F9 /* Build configuration list for PBXProject "Pods" */;
			compatibilityVersion = "Xcode 3.2";
			developmentRegion = en;
			hasScannedForEncodings = 0;
			knownRegions = (
				en,
			);
			mainGroup = CF1408CF629C7361332E53B88F7BD30C;
			productRefGroup = 51FB486B8F1C3ABDEA5629E1E189A434 /* Products */;
			projectDirPath = "";
			projectRoot = "";
			targets = (
				A101E609ACA75494484877E471D967F5 /* LWKBExtensions */,
				6DD0FE14A91EB72F9583C5159DDB116B /* Pods-LWKBExtensions_Example */,
				0C3F10C9377666547C125ECAAB0CCAE9 /* Pods-LWKBExtensions_Tests */,
			);
		};
/* End PBXProject section */

/* Begin PBXResourcesBuildPhase section */
		37F3D7DE429158BE5EDAEBFA9356BBB6 /* Resources */ = {
			isa = PBXResourcesBuildPhase;
			buildActionMask = 2147483647;
			files = (
			);
			runOnlyForDeploymentPostprocessing = 0;
		};
		702BD2AD3F8734C47F95794FE3696C7D /* Resources */ = {
			isa = PBXResourcesBuildPhase;
			buildActionMask = 2147483647;
			files = (
			);
			runOnlyForDeploymentPostprocessing = 0;
		};
		A6EC387D883DC49FF12478A431C9D990 /* Resources */ = {
			isa = PBXResourcesBuildPhase;
			buildActionMask = 2147483647;
			files = (
			);
			runOnlyForDeploymentPostprocessing = 0;
		};
/* End PBXResourcesBuildPhase section */

/* Begin PBXSourcesBuildPhase section */
		4B1D8B56A9A43E2997FC2281A248E8D2 /* Sources */ = {
			isa = PBXSourcesBuildPhase;
			buildActionMask = 2147483647;
			files = (
				F94A89893B7655347FA3D616E9C68B93 /* Pods-LWKBExtensions_Example-dummy.m in Sources */,
			);
			runOnlyForDeploymentPostprocessing = 0;
		};
		BBD113A171C031803DB12460683F8F52 /* Sources */ = {
			isa = PBXSourcesBuildPhase;
			buildActionMask = 2147483647;
			files = (
				5F5D5635E59F133FF18AE70383CF06BC /* LWKBExtensions-dummy.m in Sources */,
				A6C1022CD378EAAED2F63A8D4D95E2F0 /* NSArray+KBExtension.m in Sources */,
				8CAF9633833D55FDEBE4C7FB85650632 /* NSString+KBExtension.m in Sources */,
				9FB574C9760CCC9C464BA10CD1583A74 /* UIImage+KBExtenstion.m in Sources */,
				CC46DDA419BB25B4DDF4C36460FAB14E /* UIImageView+Extension.m in Sources */,
			);
			runOnlyForDeploymentPostprocessing = 0;
		};
		E2B27106C4AED91AFAE14EEBB7DC0CF2 /* Sources */ = {
			isa = PBXSourcesBuildPhase;
			buildActionMask = 2147483647;
			files = (
				BBF0CAF6A842BFC8DDAB85A0C53A6224 /* Pods-LWKBExtensions_Tests-dummy.m in Sources */,
			);
			runOnlyForDeploymentPostprocessing = 0;
		};
/* End PBXSourcesBuildPhase section */

/* Begin PBXTargetDependency section */
		7F18454220AE22C33542D7AFE4870573 /* PBXTargetDependency */ = {
			isa = PBXTargetDependency;
			name = LWKBExtensions;
			target = A101E609ACA75494484877E471D967F5 /* LWKBExtensions */;
			targetProxy = EDB3F3651B3A12F8DD392C0BBD1CA356 /* PBXContainerItemProxy */;
		};
		EA026101429AFD2B05B2A67A4BE77F9A /* PBXTargetDependency */ = {
			isa = PBXTargetDependency;
			name = "Pods-LWKBExtensions_Example";
			target = 6DD0FE14A91EB72F9583C5159DDB116B /* Pods-LWKBExtensions_Example */;
			targetProxy = BA6097C26D5F1089BAAEC50461D1D7D3 /* PBXContainerItemProxy */;
		};
/* End PBXTargetDependency section */

/* Begin XCBuildConfiguration section */
		2C57352F200310EA645C244752D8F690 /* Release */ = {
			isa = XCBuildConfiguration;
			baseConfigurationReference = DAA172EA747FD95EF895897AF87DB559 /* Pods-LWKBExtensions_Tests.release.xcconfig */;
			buildSettings = {
				ALWAYS_EMBED_SWIFT_STANDARD_LIBRARIES = NO;
				CODE_SIGN_IDENTITY = "";
				"CODE_SIGN_IDENTITY[sdk=appletvos*]" = "";
				"CODE_SIGN_IDENTITY[sdk=iphoneos*]" = "";
				"CODE_SIGN_IDENTITY[sdk=watchos*]" = "";
				CURRENT_PROJECT_VERSION = 1;
				DEFINES_MODULE = YES;
				DYLIB_COMPATIBILITY_VERSION = 1;
				DYLIB_CURRENT_VERSION = 1;
				DYLIB_INSTALL_NAME_BASE = "@rpath";
				INFOPLIST_FILE = "Target Support Files/Pods-LWKBExtensions_Tests/Pods-LWKBExtensions_Tests-Info.plist";
				INSTALL_PATH = "$(LOCAL_LIBRARY_DIR)/Frameworks";
				IPHONEOS_DEPLOYMENT_TARGET = 8.0;
				LD_RUNPATH_SEARCH_PATHS = "$(inherited) @executable_path/Frameworks @loader_path/Frameworks";
				MACH_O_TYPE = staticlib;
				MODULEMAP_FILE = "Target Support Files/Pods-LWKBExtensions_Tests/Pods-LWKBExtensions_Tests.modulemap";
				OTHER_LDFLAGS = "";
				OTHER_LIBTOOLFLAGS = "";
				PODS_ROOT = "$(SRCROOT)";
				PRODUCT_BUNDLE_IDENTIFIER = "org.cocoapods.${PRODUCT_NAME:rfc1034identifier}";
				PRODUCT_NAME = "$(TARGET_NAME:c99extidentifier)";
				SDKROOT = iphoneos;
				SKIP_INSTALL = YES;
				TARGETED_DEVICE_FAMILY = "1,2";
				VALIDATE_PRODUCT = YES;
				VERSIONING_SYSTEM = "apple-generic";
				VERSION_INFO_PREFIX = "";
			};
			name = Release;
		};
		2C61F68F6096F7D09DE07CE47693C693 /* Debug */ = {
			isa = XCBuildConfiguration;
			baseConfigurationReference = B7586176334267EB222B15A078AC5A6B /* Pods-LWKBExtensions_Tests.debug.xcconfig */;
			buildSettings = {
				ALWAYS_EMBED_SWIFT_STANDARD_LIBRARIES = NO;
				CODE_SIGN_IDENTITY = "";
				"CODE_SIGN_IDENTITY[sdk=appletvos*]" = "";
				"CODE_SIGN_IDENTITY[sdk=iphoneos*]" = "";
				"CODE_SIGN_IDENTITY[sdk=watchos*]" = "";
				CURRENT_PROJECT_VERSION = 1;
				DEFINES_MODULE = YES;
				DYLIB_COMPATIBILITY_VERSION = 1;
				DYLIB_CURRENT_VERSION = 1;
				DYLIB_INSTALL_NAME_BASE = "@rpath";
				INFOPLIST_FILE = "Target Support Files/Pods-LWKBExtensions_Tests/Pods-LWKBExtensions_Tests-Info.plist";
				INSTALL_PATH = "$(LOCAL_LIBRARY_DIR)/Frameworks";
				IPHONEOS_DEPLOYMENT_TARGET = 8.0;
				LD_RUNPATH_SEARCH_PATHS = "$(inherited) @executable_path/Frameworks @loader_path/Frameworks";
				MACH_O_TYPE = staticlib;
				MODULEMAP_FILE = "Target Support Files/Pods-LWKBExtensions_Tests/Pods-LWKBExtensions_Tests.modulemap";
				OTHER_LDFLAGS = "";
				OTHER_LIBTOOLFLAGS = "";
				PODS_ROOT = "$(SRCROOT)";
				PRODUCT_BUNDLE_IDENTIFIER = "org.cocoapods.${PRODUCT_NAME:rfc1034identifier}";
				PRODUCT_NAME = "$(TARGET_NAME:c99extidentifier)";
				SDKROOT = iphoneos;
				SKIP_INSTALL = YES;
				TARGETED_DEVICE_FAMILY = "1,2";
				VERSIONING_SYSTEM = "apple-generic";
				VERSION_INFO_PREFIX = "";
			};
			name = Debug;
		};
		2DF510E99F941D7BB3D4554053FB75D2 /* Release */ = {
			isa = XCBuildConfiguration;
			baseConfigurationReference = 67D1356DF43C6F4EFD358ED8BE4BFAFC /* Pods-LWKBExtensions_Example.release.xcconfig */;
			buildSettings = {
				ALWAYS_EMBED_SWIFT_STANDARD_LIBRARIES = NO;
				CODE_SIGN_IDENTITY = "";
				"CODE_SIGN_IDENTITY[sdk=appletvos*]" = "";
				"CODE_SIGN_IDENTITY[sdk=iphoneos*]" = "";
				"CODE_SIGN_IDENTITY[sdk=watchos*]" = "";
				CURRENT_PROJECT_VERSION = 1;
				DEFINES_MODULE = YES;
				DYLIB_COMPATIBILITY_VERSION = 1;
				DYLIB_CURRENT_VERSION = 1;
				DYLIB_INSTALL_NAME_BASE = "@rpath";
				INFOPLIST_FILE = "Target Support Files/Pods-LWKBExtensions_Example/Pods-LWKBExtensions_Example-Info.plist";
				INSTALL_PATH = "$(LOCAL_LIBRARY_DIR)/Frameworks";
				IPHONEOS_DEPLOYMENT_TARGET = 8.0;
				LD_RUNPATH_SEARCH_PATHS = "$(inherited) @executable_path/Frameworks @loader_path/Frameworks";
				MACH_O_TYPE = staticlib;
				MODULEMAP_FILE = "Target Support Files/Pods-LWKBExtensions_Example/Pods-LWKBExtensions_Example.modulemap";
				OTHER_LDFLAGS = "";
				OTHER_LIBTOOLFLAGS = "";
				PODS_ROOT = "$(SRCROOT)";
				PRODUCT_BUNDLE_IDENTIFIER = "org.cocoapods.${PRODUCT_NAME:rfc1034identifier}";
				PRODUCT_NAME = "$(TARGET_NAME:c99extidentifier)";
				SDKROOT = iphoneos;
				SKIP_INSTALL = YES;
				TARGETED_DEVICE_FAMILY = "1,2";
				VALIDATE_PRODUCT = YES;
				VERSIONING_SYSTEM = "apple-generic";
				VERSION_INFO_PREFIX = "";
			};
			name = Release;
		};
		48F5ADA0775114AE6A0951581A2BF0B2 /* Release */ = {
			isa = XCBuildConfiguration;
			baseConfigurationReference = C090667E44FD21A05FF711315D98C571 /* LWKBExtensions.xcconfig */;
			buildSettings = {
				CODE_SIGN_IDENTITY = "";
				"CODE_SIGN_IDENTITY[sdk=appletvos*]" = "";
				"CODE_SIGN_IDENTITY[sdk=iphoneos*]" = "";
				"CODE_SIGN_IDENTITY[sdk=watchos*]" = "";
				CURRENT_PROJECT_VERSION = 1;
				DEFINES_MODULE = YES;
				DYLIB_COMPATIBILITY_VERSION = 1;
				DYLIB_CURRENT_VERSION = 1;
				DYLIB_INSTALL_NAME_BASE = "@rpath";
				GCC_PREFIX_HEADER = "Target Support Files/LWKBExtensions/LWKBExtensions-prefix.pch";
				INFOPLIST_FILE = "Target Support Files/LWKBExtensions/LWKBExtensions-Info.plist";
				INSTALL_PATH = "$(LOCAL_LIBRARY_DIR)/Frameworks";
				IPHONEOS_DEPLOYMENT_TARGET = 8.0;
				LD_RUNPATH_SEARCH_PATHS = "$(inherited) @executable_path/Frameworks @loader_path/Frameworks";
				MODULEMAP_FILE = "Target Support Files/LWKBExtensions/LWKBExtensions.modulemap";
				PRODUCT_MODULE_NAME = LWKBExtensions;
				PRODUCT_NAME = LWKBExtensions;
				SDKROOT = iphoneos;
				SKIP_INSTALL = YES;
				SWIFT_ACTIVE_COMPILATION_CONDITIONS = "$(inherited) ";
				SWIFT_VERSION = 4.0;
				TARGETED_DEVICE_FAMILY = "1,2";
				VALIDATE_PRODUCT = YES;
				VERSIONING_SYSTEM = "apple-generic";
				VERSION_INFO_PREFIX = "";
			};
			name = Release;
		};
		4BE66A09A74FD25164AAB3C2645B9B93 /* Release */ = {
			isa = XCBuildConfiguration;
			buildSettings = {
				ALWAYS_SEARCH_USER_PATHS = NO;
				CLANG_ANALYZER_NONNULL = YES;
				CLANG_ANALYZER_NUMBER_OBJECT_CONVERSION = YES_AGGRESSIVE;
				CLANG_CXX_LANGUAGE_STANDARD = "gnu++14";
				CLANG_CXX_LIBRARY = "libc++";
				CLANG_ENABLE_MODULES = YES;
				CLANG_ENABLE_OBJC_ARC = YES;
				CLANG_ENABLE_OBJC_WEAK = YES;
				CLANG_WARN_BLOCK_CAPTURE_AUTORELEASING = YES;
				CLANG_WARN_BOOL_CONVERSION = YES;
				CLANG_WARN_COMMA = YES;
				CLANG_WARN_CONSTANT_CONVERSION = YES;
				CLANG_WARN_DEPRECATED_OBJC_IMPLEMENTATIONS = YES;
				CLANG_WARN_DIRECT_OBJC_ISA_USAGE = YES_ERROR;
				CLANG_WARN_DOCUMENTATION_COMMENTS = YES;
				CLANG_WARN_EMPTY_BODY = YES;
				CLANG_WARN_ENUM_CONVERSION = YES;
				CLANG_WARN_INFINITE_RECURSION = YES;
				CLANG_WARN_INT_CONVERSION = YES;
				CLANG_WARN_NON_LITERAL_NULL_CONVERSION = YES;
				CLANG_WARN_OBJC_IMPLICIT_RETAIN_SELF = YES;
				CLANG_WARN_OBJC_LITERAL_CONVERSION = YES;
				CLANG_WARN_OBJC_ROOT_CLASS = YES_ERROR;
				CLANG_WARN_RANGE_LOOP_ANALYSIS = YES;
				CLANG_WARN_STRICT_PROTOTYPES = YES;
				CLANG_WARN_SUSPICIOUS_MOVE = YES;
				CLANG_WARN_UNGUARDED_AVAILABILITY = YES_AGGRESSIVE;
				CLANG_WARN_UNREACHABLE_CODE = YES;
				CLANG_WARN__DUPLICATE_METHOD_MATCH = YES;
				COPY_PHASE_STRIP = NO;
				DEBUG_INFORMATION_FORMAT = "dwarf-with-dsym";
				ENABLE_NS_ASSERTIONS = NO;
				ENABLE_STRICT_OBJC_MSGSEND = YES;
				GCC_C_LANGUAGE_STANDARD = gnu11;
				GCC_NO_COMMON_BLOCKS = YES;
				GCC_PREPROCESSOR_DEFINITIONS = (
					"POD_CONFIGURATION_RELEASE=1",
					"$(inherited)",
				);
				GCC_WARN_64_TO_32_BIT_CONVERSION = YES;
				GCC_WARN_ABOUT_RETURN_TYPE = YES_ERROR;
				GCC_WARN_UNDECLARED_SELECTOR = YES;
				GCC_WARN_UNINITIALIZED_AUTOS = YES_AGGRESSIVE;
				GCC_WARN_UNUSED_FUNCTION = YES;
				GCC_WARN_UNUSED_VARIABLE = YES;
				IPHONEOS_DEPLOYMENT_TARGET = 8.0;
				MTL_ENABLE_DEBUG_INFO = NO;
				MTL_FAST_MATH = YES;
				PRODUCT_NAME = "$(TARGET_NAME)";
				STRIP_INSTALLED_PRODUCT = NO;
				SWIFT_COMPILATION_MODE = wholemodule;
				SWIFT_OPTIMIZATION_LEVEL = "-O";
				SWIFT_VERSION = 5.0;
				SYMROOT = "${SRCROOT}/../build";
			};
			name = Release;
		};
		59403A84B744B7CFF621AC9731FB6F52 /* Debug */ = {
			isa = XCBuildConfiguration;
			baseConfigurationReference = 527F19FFA343EFF06D3F16BBA2053317 /* Pods-LWKBExtensions_Example.debug.xcconfig */;
			buildSettings = {
				ALWAYS_EMBED_SWIFT_STANDARD_LIBRARIES = NO;
				CODE_SIGN_IDENTITY = "";
				"CODE_SIGN_IDENTITY[sdk=appletvos*]" = "";
				"CODE_SIGN_IDENTITY[sdk=iphoneos*]" = "";
				"CODE_SIGN_IDENTITY[sdk=watchos*]" = "";
				CURRENT_PROJECT_VERSION = 1;
				DEFINES_MODULE = YES;
				DYLIB_COMPATIBILITY_VERSION = 1;
				DYLIB_CURRENT_VERSION = 1;
				DYLIB_INSTALL_NAME_BASE = "@rpath";
				INFOPLIST_FILE = "Target Support Files/Pods-LWKBExtensions_Example/Pods-LWKBExtensions_Example-Info.plist";
				INSTALL_PATH = "$(LOCAL_LIBRARY_DIR)/Frameworks";
				IPHONEOS_DEPLOYMENT_TARGET = 8.0;
				LD_RUNPATH_SEARCH_PATHS = "$(inherited) @executable_path/Frameworks @loader_path/Frameworks";
				MACH_O_TYPE = staticlib;
				MODULEMAP_FILE = "Target Support Files/Pods-LWKBExtensions_Example/Pods-LWKBExtensions_Example.modulemap";
				OTHER_LDFLAGS = "";
				OTHER_LIBTOOLFLAGS = "";
				PODS_ROOT = "$(SRCROOT)";
				PRODUCT_BUNDLE_IDENTIFIER = "org.cocoapods.${PRODUCT_NAME:rfc1034identifier}";
				PRODUCT_NAME = "$(TARGET_NAME:c99extidentifier)";
				SDKROOT = iphoneos;
				SKIP_INSTALL = YES;
				TARGETED_DEVICE_FAMILY = "1,2";
				VERSIONING_SYSTEM = "apple-generic";
				VERSION_INFO_PREFIX = "";
			};
			name = Debug;
		};
		68C55B531A17E7A7FB49BB9F2591BC34 /* Debug */ = {
			isa = XCBuildConfiguration;
			baseConfigurationReference = C090667E44FD21A05FF711315D98C571 /* LWKBExtensions.xcconfig */;
			buildSettings = {
				CODE_SIGN_IDENTITY = "";
				"CODE_SIGN_IDENTITY[sdk=appletvos*]" = "";
				"CODE_SIGN_IDENTITY[sdk=iphoneos*]" = "";
				"CODE_SIGN_IDENTITY[sdk=watchos*]" = "";
				CURRENT_PROJECT_VERSION = 1;
				DEFINES_MODULE = YES;
				DYLIB_COMPATIBILITY_VERSION = 1;
				DYLIB_CURRENT_VERSION = 1;
				DYLIB_INSTALL_NAME_BASE = "@rpath";
				GCC_PREFIX_HEADER = "Target Support Files/LWKBExtensions/LWKBExtensions-prefix.pch";
				INFOPLIST_FILE = "Target Support Files/LWKBExtensions/LWKBExtensions-Info.plist";
				INSTALL_PATH = "$(LOCAL_LIBRARY_DIR)/Frameworks";
				IPHONEOS_DEPLOYMENT_TARGET = 8.0;
				LD_RUNPATH_SEARCH_PATHS = "$(inherited) @executable_path/Frameworks @loader_path/Frameworks";
				MODULEMAP_FILE = "Target Support Files/LWKBExtensions/LWKBExtensions.modulemap";
				PRODUCT_MODULE_NAME = LWKBExtensions;
				PRODUCT_NAME = LWKBExtensions;
				SDKROOT = iphoneos;
				SKIP_INSTALL = YES;
				SWIFT_ACTIVE_COMPILATION_CONDITIONS = "$(inherited) ";
				SWIFT_VERSION = 4.0;
				TARGETED_DEVICE_FAMILY = "1,2";
				VERSIONING_SYSTEM = "apple-generic";
				VERSION_INFO_PREFIX = "";
			};
			name = Debug;
		};
		7EF7227D9B20A1D549000096ACCB23D7 /* Debug */ = {
			isa = XCBuildConfiguration;
			buildSettings = {
				ALWAYS_SEARCH_USER_PATHS = NO;
				CLANG_ANALYZER_NONNULL = YES;
				CLANG_ANALYZER_NUMBER_OBJECT_CONVERSION = YES_AGGRESSIVE;
				CLANG_CXX_LANGUAGE_STANDARD = "gnu++14";
				CLANG_CXX_LIBRARY = "libc++";
				CLANG_ENABLE_MODULES = YES;
				CLANG_ENABLE_OBJC_ARC = YES;
				CLANG_ENABLE_OBJC_WEAK = YES;
				CLANG_WARN_BLOCK_CAPTURE_AUTORELEASING = YES;
				CLANG_WARN_BOOL_CONVERSION = YES;
				CLANG_WARN_COMMA = YES;
				CLANG_WARN_CONSTANT_CONVERSION = YES;
				CLANG_WARN_DEPRECATED_OBJC_IMPLEMENTATIONS = YES;
				CLANG_WARN_DIRECT_OBJC_ISA_USAGE = YES_ERROR;
				CLANG_WARN_DOCUMENTATION_COMMENTS = YES;
				CLANG_WARN_EMPTY_BODY = YES;
				CLANG_WARN_ENUM_CONVERSION = YES;
				CLANG_WARN_INFINITE_RECURSION = YES;
				CLANG_WARN_INT_CONVERSION = YES;
				CLANG_WARN_NON_LITERAL_NULL_CONVERSION = YES;
				CLANG_WARN_OBJC_IMPLICIT_RETAIN_SELF = YES;
				CLANG_WARN_OBJC_LITERAL_CONVERSION = YES;
				CLANG_WARN_OBJC_ROOT_CLASS = YES_ERROR;
				CLANG_WARN_RANGE_LOOP_ANALYSIS = YES;
				CLANG_WARN_STRICT_PROTOTYPES = YES;
				CLANG_WARN_SUSPICIOUS_MOVE = YES;
				CLANG_WARN_UNGUARDED_AVAILABILITY = YES_AGGRESSIVE;
				CLANG_WARN_UNREACHABLE_CODE = YES;
				CLANG_WARN__DUPLICATE_METHOD_MATCH = YES;
				COPY_PHASE_STRIP = NO;
				DEBUG_INFORMATION_FORMAT = dwarf;
				ENABLE_STRICT_OBJC_MSGSEND = YES;
				ENABLE_TESTABILITY = YES;
				GCC_C_LANGUAGE_STANDARD = gnu11;
				GCC_DYNAMIC_NO_PIC = NO;
				GCC_NO_COMMON_BLOCKS = YES;
				GCC_OPTIMIZATION_LEVEL = 0;
				GCC_PREPROCESSOR_DEFINITIONS = (
					"POD_CONFIGURATION_DEBUG=1",
					"DEBUG=1",
					"$(inherited)",
				);
				GCC_WARN_64_TO_32_BIT_CONVERSION = YES;
				GCC_WARN_ABOUT_RETURN_TYPE = YES_ERROR;
				GCC_WARN_UNDECLARED_SELECTOR = YES;
				GCC_WARN_UNINITIALIZED_AUTOS = YES_AGGRESSIVE;
				GCC_WARN_UNUSED_FUNCTION = YES;
				GCC_WARN_UNUSED_VARIABLE = YES;
				IPHONEOS_DEPLOYMENT_TARGET = 8.0;
				MTL_ENABLE_DEBUG_INFO = INCLUDE_SOURCE;
				MTL_FAST_MATH = YES;
				ONLY_ACTIVE_ARCH = YES;
				PRODUCT_NAME = "$(TARGET_NAME)";
				STRIP_INSTALLED_PRODUCT = NO;
				SWIFT_ACTIVE_COMPILATION_CONDITIONS = DEBUG;
				SWIFT_OPTIMIZATION_LEVEL = "-Onone";
				SWIFT_VERSION = 5.0;
				SYMROOT = "${SRCROOT}/../build";
			};
			name = Debug;
		};
/* End XCBuildConfiguration section */

/* Begin XCConfigurationList section */
		4821239608C13582E20E6DA73FD5F1F9 /* Build configuration list for PBXProject "Pods" */ = {
			isa = XCConfigurationList;
			buildConfigurations = (
				7EF7227D9B20A1D549000096ACCB23D7 /* Debug */,
				4BE66A09A74FD25164AAB3C2645B9B93 /* Release */,
			);
			defaultConfigurationIsVisible = 0;
			defaultConfigurationName = Release;
		};
		6927E4350933D38D714AF34840E082B9 /* Build configuration list for PBXNativeTarget "Pods-LWKBExtensions_Example" */ = {
			isa = XCConfigurationList;
			buildConfigurations = (
				59403A84B744B7CFF621AC9731FB6F52 /* Debug */,
				2DF510E99F941D7BB3D4554053FB75D2 /* Release */,
			);
			defaultConfigurationIsVisible = 0;
			defaultConfigurationName = Release;
		};
		77874ED4C84A9A5F4C7383AABE4ED2D1 /* Build configuration list for PBXNativeTarget "Pods-LWKBExtensions_Tests" */ = {
			isa = XCConfigurationList;
			buildConfigurations = (
				2C61F68F6096F7D09DE07CE47693C693 /* Debug */,
				2C57352F200310EA645C244752D8F690 /* Release */,
			);
			defaultConfigurationIsVisible = 0;
			defaultConfigurationName = Release;
		};
		D0BAE4437F079E25C60D526665D5E627 /* Build configuration list for PBXNativeTarget "LWKBExtensions" */ = {
			isa = XCConfigurationList;
			buildConfigurations = (
				68C55B531A17E7A7FB49BB9F2591BC34 /* Debug */,
				48F5ADA0775114AE6A0951581A2BF0B2 /* Release */,
			);
			defaultConfigurationIsVisible = 0;
			defaultConfigurationName = Release;
		};
/* End XCConfigurationList section */
	};
	rootObject = BFDFE7DC352907FC980B868725387E98 /* Project object */;
}
